
Microsoft Visual Studio Solution File, Format Version 12.00
# Visual Studio Version 17
VisualStudioVersion = 17.10.35027.167
MinimumVisualStudioVersion = 10.0.40219.1
Project("{FAE04EC0-301F-11D3-BF4B-00C04F79EFBC}") = "AppBuscaCepLocal", "AppBuscaCepLocal\AppBuscaCepLocal.csproj", "{6C166FC7-A3D1-4979-A244-B37CF213C190}"
EndProject
Global
	GlobalSection(SolutionConfigurationPlatforms) = preSolution
		Debug|Any CPU = Debug|Any CPU
		Release|Any CPU = Release|Any CPU
	EndGlobalSection
	GlobalSection(ProjectConfigurationPlatforms) = postSolution
		{6C166FC7-A3D1-4979-A244-B37CF213C190}.Debug|Any CPU.ActiveCfg = Debug|Any CPU
		{6C166FC7-A3D1-4979-A244-B37CF213C190}.Debug|Any CPU.Build.0 = Debug|Any CPU
		{6C166FC7-A3D1-4979-A244-B37CF213C190}.Debug|Any CPU.Deploy.0 = Debug|Any CPU
		{6C166FC7-A3D1-4979-A244-B37CF213C190}.Release|Any CPU.ActiveCfg = Release|Any CPU
		{6C166FC7-A3D1-4979-A244-B37CF213C190}.Release|Any CPU.Build.0 = Release|Any CPU
		{6C166FC7-A3D1-4979-A244-B37CF213C190}.Release|Any CPU.Deploy.0 = Release|Any CPU
	EndGlobalSection
	GlobalSection(SolutionProperties) = preSolution
		HideSolutionNode = FALSE
	EndGlobalSection
	GlobalSection(ExtensibilityGlobals) = postSolution
		SolutionGuid = {2F78C7C7-F91D-4581-94CF-A394BBB8B777}
	EndGlobalSection
EndGlobal
